
Microsoft Visual Studio Solution File, Format Version 12.00
# Visual Studio Version 17
VisualStudioVersion = 17.14.36327.8 d17.14
MinimumVisualStudioVersion = 10.0.40219.1
Project("{FAE04EC0-301F-11D3-BF4B-00C04F79EFBC}") = "PrecoTotalProduto", "PrecoTotalProduto.csproj", "{047B26C8-BF77-4938-B760-8FF40438904B}"
EndProject
Global
	GlobalSection(SolutionConfigurationPlatforms) = preSolution
		Debug|Any CPU = Debug|Any CPU
		Release|Any CPU = Release|Any CPU
	EndGlobalSection
	GlobalSection(ProjectConfigurationPlatforms) = postSolution
		{047B26C8-BF77-4938-B760-8FF40438904B}.Debug|Any CPU.ActiveCfg = Debug|Any CPU
		{047B26C8-BF77-4938-B760-8FF40438904B}.Debug|Any CPU.Build.0 = Debug|Any CPU
		{047B26C8-BF77-4938-B760-8FF40438904B}.Release|Any CPU.ActiveCfg = Release|Any CPU
		{047B26C8-BF77-4938-B760-8FF40438904B}.Release|Any CPU.Build.0 = Release|Any CPU
	EndGlobalSection
	GlobalSection(SolutionProperties) = preSolution
		HideSolutionNode = FALSE
	EndGlobalSection
	GlobalSection(ExtensibilityGlobals) = postSolution
		SolutionGuid = {254D2CF0-86EA-4CFE-96DD-37784BB2A5D9}
	EndGlobalSection
EndGlobal
